# This file is automatically @generated by Poetry 2.1.2 and should not be changed by hand.

[[package]]
name = "anyio"
version = "4.9.0"
description = "High level compatibility layer for multiple asynchronous event loop implementations"
optional = false
python-versions = ">=3.9"
groups = ["main"]
files = [
    {file = "anyio-4.9.0-py3-none-any.whl", hash = "sha256:9f76d541cad6e36af7beb62e978876f3b41e3e04f2c1fbf0884604c0a9c4d93c"},
    {file = "anyio-4.9.0.tar.gz", hash = "sha256:673c0c244e15788651a4ff38710fea9675823028a6f08a5eda409e0c9840a028"},
]

[package.dependencies]
idna = ">=2.8"
sniffio = ">=1.1"
typing_extensions = {version = ">=4.5", markers = "python_version < \"3.13\""}

[package.extras]
doc = ["Sphinx (>=8.2,<9.0)", "packaging", "sphinx-autodoc-typehints (>=1.2.0)", "sphinx_rtd_theme"]
test = ["anyio[trio]", "blockbuster (>=1.5.23)", "coverage[toml] (>=7)", "exceptiongroup (>=1.2.0)", "hypothesis (>=4.0)", "psutil (>=5.9)", "pytest (>=7.0)", "trustme", "truststore (>=0.9.1) ; python_version >= \"3.10\"", "uvloop (>=0.21) ; platform_python_implementation == \"CPython\" and platform_system != \"Windows\" and python_version < \"3.14\""]
trio = ["trio (>=0.26.1)"]

[[package]]
name = "apscheduler"
version = "3.11.0"
description = "In-process task scheduler with Cron-like capabilities"
optional = false
python-versions = ">=3.8"
groups = ["main"]
files = [
    {file = "APScheduler-3.11.0-py3-none-any.whl", hash = "sha256:fc134ca32e50f5eadcc4938e3a4545ab19131435e851abb40b34d63d5141c6da"},
    {file = "apscheduler-3.11.0.tar.gz", hash = "sha256:4c622d250b0955a65d5d0eb91c33e6d43fd879834bf541e0a18661ae60460133"},
]

[package.dependencies]
tzlocal = ">=3.0"

[package.extras]
doc = ["packaging", "sphinx", "sphinx-rtd-theme (>=1.3.0)"]
etcd = ["etcd3", "protobuf (<=3.21.0)"]
gevent = ["gevent"]
mongodb = ["pymongo (>=3.0)"]
redis = ["redis (>=3.0)"]
rethinkdb = ["rethinkdb (>=2.4.0)"]
sqlalchemy = ["sqlalchemy (>=1.4)"]
test = ["APScheduler[etcd,mongodb,redis,rethinkdb,sqlalchemy,tornado,zookeeper]", "PySide6 ; platform_python_implementation == \"CPython\" and python_version < \"3.14\"", "anyio (>=4.5.2)", "gevent ; python_version < \"3.14\"", "pytest", "pytz", "twisted ; python_version < \"3.14\""]
tornado = ["tornado (>=4.3)"]
twisted = ["twisted"]
zookeeper = ["kazoo"]

[[package]]
name = "astroid"
version = "3.3.9"
description = "An abstract syntax tree for Python with inference support."
optional = false
python-versions = ">=3.9.0"
groups = ["dev"]
files = [
    {file = "astroid-3.3.9-py3-none-any.whl", hash = "sha256:d05bfd0acba96a7bd43e222828b7d9bc1e138aaeb0649707908d3702a9831248"},
    {file = "astroid-3.3.9.tar.gz", hash = "sha256:622cc8e3048684aa42c820d9d218978021c3c3d174fb03a9f0d615921744f550"},
]

[[package]]
name = "certifi"
version = "2025.4.26"
description = "Python package for providing Mozilla's CA Bundle."
optional = false
python-versions = ">=3.6"
groups = ["main"]
files = [
    {file = "certifi-2025.4.26-py3-none-any.whl", hash = "sha256:30350364dfe371162649852c63336a15c70c6510c2ad5015b21c2345311805f3"},
    {file = "certifi-2025.4.26.tar.gz", hash = "sha256:0a816057ea3cdefcef70270d2c515e4506bbc954f417fa5ade2021213bb8f0c6"},
]

[[package]]
name = "colorama"
version = "0.4.6"
description = "Cross-platform colored terminal text."
optional = false
python-versions = "!=3.0.*,!=3.1.*,!=3.2.*,!=3.3.*,!=3.4.*,!=3.5.*,!=3.6.*,>=2.7"
groups = ["dev"]
markers = "sys_platform == \"win32\""
files = [
    {file = "colorama-0.4.6-py2.py3-none-any.whl", hash = "sha256:4f1d9991f5acc0ca119f9d443620b77f9d6b33703e51011c16baf57afb285fc6"},
    {file = "colorama-0.4.6.tar.gz", hash = "sha256:08695f5cb7ed6e0531a20572697297273c47b8cae5a63ffc6d6ed5c201be6e44"},
]

[[package]]
name = "coverage"
version = "7.8.0"
description = "Code coverage measurement for Python"
optional = false
python-versions = ">=3.9"
groups = ["dev"]
files = [
    {file = "coverage-7.8.0-cp310-cp310-macosx_10_9_x86_64.whl", hash = "sha256:2931f66991175369859b5fd58529cd4b73582461877ecfd859b6549869287ffe"},
    {file = "coverage-7.8.0-cp310-cp310-macosx_11_0_arm64.whl", hash = "sha256:52a523153c568d2c0ef8826f6cc23031dc86cffb8c6aeab92c4ff776e7951b28"},
    {file = "coverage-7.8.0-cp310-cp310-manylinux_2_17_aarch64.manylinux2014_aarch64.whl", hash = "sha256:5c8a5c139aae4c35cbd7cadca1df02ea8cf28a911534fc1b0456acb0b14234f3"},
    {file = "coverage-7.8.0-cp310-cp310-manylinux_2_5_i686.manylinux1_i686.manylinux_2_17_i686.manylinux2014_i686.whl", hash = "sha256:5a26c0c795c3e0b63ec7da6efded5f0bc856d7c0b24b2ac84b4d1d7bc578d676"},
    {file = "coverage-7.8.0-cp310-cp310-manylinux_2_5_x86_64.manylinux1_x86_64.manylinux_2_17_x86_64.manylinux2014_x86_64.whl", hash = "sha256:821f7bcbaa84318287115d54becb1915eece6918136c6f91045bb84e2f88739d"},
    {file = "coverage-7.8.0-cp310-cp310-musllinux_1_2_aarch64.whl", hash = "sha256:a321c61477ff8ee705b8a5fed370b5710c56b3a52d17b983d9215861e37b642a"},
    {file = "coverage-7.8.0-cp310-cp310-musllinux_1_2_i686.whl", hash = "sha256:ed2144b8a78f9d94d9515963ed273d620e07846acd5d4b0a642d4849e8d91a0c"},
    {file = "coverage-7.8.0-cp310-cp310-musllinux_1_2_x86_64.whl", hash = "sha256:042e7841a26498fff7a37d6fda770d17519982f5b7d8bf5278d140b67b61095f"},
    {file = "coverage-7.8.0-cp310-cp310-win32.whl", hash = "sha256:f9983d01d7705b2d1f7a95e10bbe4091fabc03a46881a256c2787637b087003f"},
    {file = "coverage-7.8.0-cp310-cp310-win_amd64.whl", hash = "sha256:5a570cd9bd20b85d1a0d7b009aaf6c110b52b5755c17be6962f8ccd65d1dbd23"},
    {file = "coverage-7.8.0-cp311-cp311-macosx_10_9_x86_64.whl", hash = "sha256:e7ac22a0bb2c7c49f441f7a6d46c9c80d96e56f5a8bc6972529ed43c8b694e27"},
    {file = "coverage-7.8.0-cp311-cp311-macosx_11_0_arm64.whl", hash = "sha256:bf13d564d310c156d1c8e53877baf2993fb3073b2fc9f69790ca6a732eb4bfea"},
    {file = "coverage-7.8.0-cp311-cp311-manylinux_2_17_aarch64.manylinux2014_aarch64.whl", hash = "sha256:a5761c70c017c1b0d21b0815a920ffb94a670c8d5d409d9b38857874c21f70d7"},
    {file = "coverage-7.8.0-cp311-cp311-manylinux_2_5_i686.manylinux1_i686.manylinux_2_17_i686.manylinux2014_i686.whl", hash = "sha256:e5ff52d790c7e1628241ffbcaeb33e07d14b007b6eb00a19320c7b8a7024c040"},
    {file = "coverage-7.8.0-cp311-cp311-manylinux_2_5_x86_64.manylinux1_x86_64.manylinux_2_17_x86_64.manylinux2014_x86_64.whl", hash = "sha256:d39fc4817fd67b3915256af5dda75fd4ee10621a3d484524487e33416c6f3543"},
    {file = "coverage-7.8.0-cp311-cp311-musllinux_1_2_aarch64.whl", hash = "sha256:b44674870709017e4b4036e3d0d6c17f06a0e6d4436422e0ad29b882c40697d2"},
    {file = "coverage-7.8.0-cp311-cp311-musllinux_1_2_i686.whl", hash = "sha256:8f99eb72bf27cbb167b636eb1726f590c00e1ad375002230607a844d9e9a2318"},
    {file = "coverage-7.8.0-cp311-cp311-musllinux_1_2_x86_64.whl", hash = "sha256:b571bf5341ba8c6bc02e0baeaf3b061ab993bf372d982ae509807e7f112554e9"},
    {file = "coverage-7.8.0-cp311-cp311-win32.whl", hash = "sha256:e75a2ad7b647fd8046d58c3132d7eaf31b12d8a53c0e4b21fa9c4d23d6ee6d3c"},
    {file = "coverage-7.8.0-cp311-cp311-win_amd64.whl", hash = "sha256:3043ba1c88b2139126fc72cb48574b90e2e0546d4c78b5299317f61b7f718b78"},
    {file = "coverage-7.8.0-cp312-cp312-macosx_10_13_x86_64.whl", hash = "sha256:bbb5cc845a0292e0c520656d19d7ce40e18d0e19b22cb3e0409135a575bf79fc"},
    {file = "coverage-7.8.0-cp312-cp312-macosx_11_0_arm64.whl", hash = "sha256:4dfd9a93db9e78666d178d4f08a5408aa3f2474ad4d0e0378ed5f2ef71640cb6"},
    {file = "coverage-7.8.0-cp312-cp312-manylinux_2_17_aarch64.manylinux2014_aarch64.whl", hash = "sha256:f017a61399f13aa6d1039f75cd467be388d157cd81f1a119b9d9a68ba6f2830d"},
    {file = "coverage-7.8.0-cp312-cp312-manylinux_2_5_i686.manylinux1_i686.manylinux_2_17_i686.manylinux2014_i686.whl", hash = "sha256:0915742f4c82208ebf47a2b154a5334155ed9ef9fe6190674b8a46c2fb89cb05"},
    {file = "coverage-7.8.0-cp312-cp312-manylinux_2_5_x86_64.manylinux1_x86_64.manylinux_2_17_x86_64.manylinux2014_x86_64.whl", hash = "sha256:8a40fcf208e021eb14b0fac6bdb045c0e0cab53105f93ba0d03fd934c956143a"},
    {file = "coverage-7.8.0-cp312-cp312-musllinux_1_2_aarch64.whl", hash = "sha256:a1f406a8e0995d654b2ad87c62caf6befa767885301f3b8f6f73e6f3c31ec3a6"},
    {file = "coverage-7.8.0-cp312-cp312-musllinux_1_2_i686.whl", hash = "sha256:77af0f6447a582fdc7de5e06fa3757a3ef87769fbb0fdbdeba78c23049140a47"},
    {file = "coverage-7.8.0-cp312-cp312-musllinux_1_2_x86_64.whl", hash = "sha256:f2d32f95922927186c6dbc8bc60df0d186b6edb828d299ab10898ef3f40052fe"},
    {file = "coverage-7.8.0-cp312-cp312-win32.whl", hash = "sha256:769773614e676f9d8e8a0980dd7740f09a6ea386d0f383db6821df07d0f08545"},
    {file = "coverage-7.8.0-cp312-cp312-win_amd64.whl", hash = "sha256:e5d2b9be5b0693cf21eb4ce0ec8d211efb43966f6657807f6859aab3814f946b"},
    {file = "coverage-7.8.0-cp313-cp313-macosx_10_13_x86_64.whl", hash = "sha256:5ac46d0c2dd5820ce93943a501ac5f6548ea81594777ca585bf002aa8854cacd"},
    {file = "coverage-7.8.0-cp313-cp313-macosx_11_0_arm64.whl", hash = "sha256:771eb7587a0563ca5bb6f622b9ed7f9d07bd08900f7589b4febff05f469bea00"},
    {file = "coverage-7.8.0-cp313-cp313-manylinux_2_17_aarch64.manylinux2014_aarch64.whl", hash = "sha256:42421e04069fb2cbcbca5a696c4050b84a43b05392679d4068acbe65449b5c64"},
    {file = "coverage-7.8.0-cp313-cp313-manylinux_2_5_i686.manylinux1_i686.manylinux_2_17_i686.manylinux2014_i686.whl", hash = "sha256:554fec1199d93ab30adaa751db68acec2b41c5602ac944bb19187cb9a41a8067"},
    {file = "coverage-7.8.0-cp313-cp313-manylinux_2_5_x86_64.manylinux1_x86_64.manylinux_2_17_x86_64.manylinux2014_x86_64.whl", hash = "sha256:5aaeb00761f985007b38cf463b1d160a14a22c34eb3f6a39d9ad6fc27cb73008"},
    {file = "coverage-7.8.0-cp313-cp313-musllinux_1_2_aarch64.whl", hash = "sha256:581a40c7b94921fffd6457ffe532259813fc68eb2bdda60fa8cc343414ce3733"},
    {file = "coverage-7.8.0-cp313-cp313-musllinux_1_2_i686.whl", hash = "sha256:f319bae0321bc838e205bf9e5bc28f0a3165f30c203b610f17ab5552cff90323"},
    {file = "coverage-7.8.0-cp313-cp313-musllinux_1_2_x86_64.whl", hash = "sha256:04bfec25a8ef1c5f41f5e7e5c842f6b615599ca8ba8391ec33a9290d9d2db3a3"},
    {file = "coverage-7.8.0-cp313-cp313-win32.whl", hash = "sha256:dd19608788b50eed889e13a5d71d832edc34fc9dfce606f66e8f9f917eef910d"},
    {file = "coverage-7.8.0-cp313-cp313-win_amd64.whl", hash = "sha256:a9abbccd778d98e9c7e85038e35e91e67f5b520776781d9a1e2ee9d400869487"},
    {file = "coverage-7.8.0-cp313-cp313t-macosx_10_13_x86_64.whl", hash = "sha256:18c5ae6d061ad5b3e7eef4363fb27a0576012a7447af48be6c75b88494c6cf25"},
    {file = "coverage-7.8.0-cp313-cp313t-macosx_11_0_arm64.whl", hash = "sha256:95aa6ae391a22bbbce1b77ddac846c98c5473de0372ba5c463480043a07bff42"},
    {file = "coverage-7.8.0-cp313-cp313t-manylinux_2_17_aarch64.manylinux2014_aarch64.whl", hash = "sha256:e013b07ba1c748dacc2a80e69a46286ff145935f260eb8c72df7185bf048f502"},
    {file = "coverage-7.8.0-cp313-cp313t-manylinux_2_5_i686.manylinux1_i686.manylinux_2_17_i686.manylinux2014_i686.whl", hash = "sha256:d766a4f0e5aa1ba056ec3496243150698dc0481902e2b8559314368717be82b1"},
    {file = "coverage-7.8.0-cp313-cp313t-manylinux_2_5_x86_64.manylinux1_x86_64.manylinux_2_17_x86_64.manylinux2014_x86_64.whl", hash = "sha256:ad80e6b4a0c3cb6f10f29ae4c60e991f424e6b14219d46f1e7d442b938ee68a4"},
    {file = "coverage-7.8.0-cp313-cp313t-musllinux_1_2_aarch64.whl", hash = "sha256:b87eb6fc9e1bb8f98892a2458781348fa37e6925f35bb6ceb9d4afd54ba36c73"},
    {file = "coverage-7.8.0-cp313-cp313t-musllinux_1_2_i686.whl", hash = "sha256:d1ba00ae33be84066cfbe7361d4e04dec78445b2b88bdb734d0d1cbab916025a"},
    {file = "coverage-7.8.0-cp313-cp313t-musllinux_1_2_x86_64.whl", hash = "sha256:f3c38e4e5ccbdc9198aecc766cedbb134b2d89bf64533973678dfcf07effd883"},
    {file = "coverage-7.8.0-cp313-cp313t-win32.whl", hash = "sha256:379fe315e206b14e21db5240f89dc0774bdd3e25c3c58c2c733c99eca96f1ada"},
    {file = "coverage-7.8.0-cp313-cp313t-win_amd64.whl", hash = "sha256:2e4b6b87bb0c846a9315e3ab4be2d52fac905100565f4b92f02c445c8799e257"},
    {file = "coverage-7.8.0-cp39-cp39-macosx_10_9_x86_64.whl", hash = "sha256:fa260de59dfb143af06dcf30c2be0b200bed2a73737a8a59248fcb9fa601ef0f"},
    {file = "coverage-7.8.0-cp39-cp39-macosx_11_0_arm64.whl", hash = "sha256:96121edfa4c2dfdda409877ea8608dd01de816a4dc4a0523356067b305e4e17a"},
    {file = "coverage-7.8.0-cp39-cp39-manylinux_2_17_aarch64.manylinux2014_aarch64.whl", hash = "sha256:6b8af63b9afa1031c0ef05b217faa598f3069148eeee6bb24b79da9012423b82"},
    {file = "coverage-7.8.0-cp39-cp39-manylinux_2_5_i686.manylinux1_i686.manylinux_2_17_i686.manylinux2014_i686.whl", hash = "sha256:89b1f4af0d4afe495cd4787a68e00f30f1d15939f550e869de90a86efa7e0814"},
    {file = "coverage-7.8.0-cp39-cp39-manylinux_2_5_x86_64.manylinux1_x86_64.manylinux_2_17_x86_64.manylinux2014_x86_64.whl", hash = "sha256:94ec0be97723ae72d63d3aa41961a0b9a6f5a53ff599813c324548d18e3b9e8c"},
    {file = "coverage-7.8.0-cp39-cp39-musllinux_1_2_aarch64.whl", hash = "sha256:8a1d96e780bdb2d0cbb297325711701f7c0b6f89199a57f2049e90064c29f6bd"},
    {file = "coverage-7.8.0-cp39-cp39-musllinux_1_2_i686.whl", hash = "sha256:f1d8a2a57b47142b10374902777e798784abf400a004b14f1b0b9eaf1e528ba4"},
    {file = "coverage-7.8.0-cp39-cp39-musllinux_1_2_x86_64.whl", hash = "sha256:cf60dd2696b457b710dd40bf17ad269d5f5457b96442f7f85722bdb16fa6c899"},
    {file = "coverage-7.8.0-cp39-cp39-win32.whl", hash = "sha256:be945402e03de47ba1872cd5236395e0f4ad635526185a930735f66710e1bd3f"},
    {file = "coverage-7.8.0-cp39-cp39-win_amd64.whl", hash = "sha256:90e7fbc6216ecaffa5a880cdc9c77b7418c1dcb166166b78dbc630d07f278cc3"},
    {file = "coverage-7.8.0-pp39.pp310.pp311-none-any.whl", hash = "sha256:b8194fb8e50d556d5849753de991d390c5a1edeeba50f68e3a9253fbd8bf8ccd"},
    {file = "coverage-7.8.0-py3-none-any.whl", hash = "sha256:dbf364b4c5e7bae9250528167dfe40219b62e2d573c854d74be213e1e52069f7"},
    {file = "coverage-7.8.0.tar.gz", hash = "sha256:7a3d62b3b03b4b6fd41a085f3574874cf946cb4604d2b4d3e8dca8cd570ca501"},
]

[package.extras]
toml = ["tomli ; python_full_version <= \"3.11.0a6\""]

[[package]]
name = "dacite"
version = "1.9.2"
description = "Simple creation of data classes from dictionaries."
optional = false
python-versions = ">=3.7"
groups = ["main"]
files = [
    {file = "dacite-1.9.2-py3-none-any.whl", hash = "sha256:053f7c3f5128ca2e9aceb66892b1a3c8936d02c686e707bee96e19deef4bc4a0"},
    {file = "dacite-1.9.2.tar.gz", hash = "sha256:6ccc3b299727c7aa17582f0021f6ae14d5de47c7227932c47fec4cdfefd26f09"},
]

[package.extras]
dev = ["black", "coveralls", "mypy", "pre-commit", "pylint", "pytest (>=5)", "pytest-benchmark", "pytest-cov"]

[[package]]
name = "dill"
version = "0.4.0"
description = "serialize all of Python"
optional = false
python-versions = ">=3.8"
groups = ["dev"]
files = [
    {file = "dill-0.4.0-py3-none-any.whl", hash = "sha256:44f54bf6412c2c8464c14e8243eb163690a9800dbe2c367330883b19c7561049"},
    {file = "dill-0.4.0.tar.gz", hash = "sha256:0633f1d2df477324f53a895b02c901fb961bdbf65a17122586ea7019292cbcf0"},
]

[package.extras]
graph = ["objgraph (>=1.7.2)"]
profile = ["gprof2dot (>=2022.7.29)"]

[[package]]
name = "gmqtt"
version = "0.7.0"
description = "Client for MQTT protocol"
optional = false
python-versions = ">=3.5"
groups = ["main"]
files = [
    {file = "gmqtt-0.7.0-py3-none-any.whl", hash = "sha256:3e5571a20e9c115d83d600caa228b06f716087653e241035e29cec73277b52cc"},
    {file = "gmqtt-0.7.0.tar.gz", hash = "sha256:bedfec7bac26b6b4ce1f0c4c32cff3d663526a54c882d323d41560fc3b9b44a2"},
]

[package.extras]
test = ["atomicwrites (>=1.3.0)", "attrs (>=19.1.0)", "codecov (>=2.0.15)", "coverage (>=4.5.3)", "more-itertools (>=7.0.0)", "pluggy (>=0.11.0)", "py (>=1.8.0)", "pytest (>=5.4.0)", "pytest-asyncio (>=0.12.0)", "pytest-cov (>=2.7.1)", "six (>=1.12.0)", "uvloop (>=0.14.0)"]

[[package]]
name = "h11"
version = "0.16.0"
description = "A pure-Python, bring-your-own-I/O implementation of HTTP/1.1"
optional = false
python-versions = ">=3.8"
groups = ["main"]
files = [
    {file = "h11-0.16.0-py3-none-any.whl", hash = "sha256:63cf8bbe7522de3bf65932fda1d9c2772064ffb3dae62d55932da54b31cb6c86"},
    {file = "h11-0.16.0.tar.gz", hash = "sha256:4e35b956cf45792e4caa5885e69fba00bdbc6ffafbfa020300e549b208ee5ff1"},
]

[[package]]
name = "httpcore"
version = "1.0.9"
description = "A minimal low-level HTTP client."
optional = false
python-versions = ">=3.8"
groups = ["main"]
files = [
    {file = "httpcore-1.0.9-py3-none-any.whl", hash = "sha256:2d400746a40668fc9dec9810239072b40b4484b640a8c38fd654a024c7a1bf55"},
    {file = "httpcore-1.0.9.tar.gz", hash = "sha256:6e34463af53fd2ab5d807f399a9b45ea31c3dfa2276f15a2c3f00afff6e176e8"},
]

[package.dependencies]
certifi = "*"
h11 = ">=0.16"

[package.extras]
asyncio = ["anyio (>=4.0,<5.0)"]
http2 = ["h2 (>=3,<5)"]
socks = ["socksio (==1.*)"]
trio = ["trio (>=0.22.0,<1.0)"]

[[package]]
name = "httpx"
version = "0.28.1"
description = "The next generation HTTP client."
optional = false
python-versions = ">=3.8"
groups = ["main"]
files = [
    {file = "httpx-0.28.1-py3-none-any.whl", hash = "sha256:d909fcccc110f8c7faf814ca82a9a4d816bc5a6dbfea25d6591d6985b8ba59ad"},
    {file = "httpx-0.28.1.tar.gz", hash = "sha256:75e98c5f16b0f35b567856f597f06ff2270a374470a5c2392242528e3e3e42fc"},
]

[package.dependencies]
anyio = "*"
certifi = "*"
httpcore = "==1.*"
idna = "*"

[package.extras]
brotli = ["brotli ; platform_python_implementation == \"CPython\"", "brotlicffi ; platform_python_implementation != \"CPython\""]
cli = ["click (==8.*)", "pygments (==2.*)", "rich (>=10,<14)"]
http2 = ["h2 (>=3,<5)"]
socks = ["socksio (==1.*)"]
zstd = ["zstandard (>=0.18.0)"]

[[package]]
name = "idna"
version = "3.10"
description = "Internationalized Domain Names in Applications (IDNA)"
optional = false
python-versions = ">=3.6"
groups = ["main"]
files = [
    {file = "idna-3.10-py3-none-any.whl", hash = "sha256:946d195a0d259cbba61165e88e65941f16e9b36ea6ddb97f00452bae8b1287d3"},
    {file = "idna-3.10.tar.gz", hash = "sha256:12f65c9b470abda6dc35cf8e63cc574b1c52b11df2c86030af0ac09b01b13ea9"},
]

[package.extras]
all = ["flake8 (>=7.1.1)", "mypy (>=1.11.2)", "pytest (>=8.3.2)", "ruff (>=0.6.2)"]

[[package]]
name = "inflection"
version = "0.5.1"
description = "A port of Ruby on Rails inflector to Python"
optional = false
python-versions = ">=3.5"
groups = ["main"]
files = [
    {file = "inflection-0.5.1-py2.py3-none-any.whl", hash = "sha256:f38b2b640938a4f35ade69ac3d053042959b62a0f1076a5bbaa1b9526605a8a2"},
    {file = "inflection-0.5.1.tar.gz", hash = "sha256:1a29730d366e996aaacffb2f1f1cb9593dc38e2ddd30c91250c6dde09ea9b417"},
]

[[package]]
name = "iniconfig"
version = "2.1.0"
description = "brain-dead simple config-ini parsing"
optional = false
python-versions = ">=3.8"
groups = ["dev"]
files = [
    {file = "iniconfig-2.1.0-py3-none-any.whl", hash = "sha256:9deba5723312380e77435581c6bf4935c94cbfab9b1ed33ef8d238ea168eb760"},
    {file = "iniconfig-2.1.0.tar.gz", hash = "sha256:3abbd2e30b36733fee78f9c7f7308f2d0050e88f0087fd25c2645f63c773e1c7"},
]

[[package]]
name = "isort"
version = "6.0.1"
description = "A Python utility / library to sort Python imports."
optional = false
python-versions = ">=3.9.0"
groups = ["dev"]
files = [
    {file = "isort-6.0.1-py3-none-any.whl", hash = "sha256:2dc5d7f65c9678d94c88dfc29161a320eec67328bc97aad576874cb4be1e9615"},
    {file = "isort-6.0.1.tar.gz", hash = "sha256:1cb5df28dfbc742e490c5e41bad6da41b805b0a8be7bc93cd0fb2a8a890ac450"},
]

[package.extras]
colors = ["colorama"]
plugins = ["setuptools"]

[[package]]
name = "mccabe"
version = "0.7.0"
description = "McCabe checker, plugin for flake8"
optional = false
python-versions = ">=3.6"
groups = ["dev"]
files = [
    {file = "mccabe-0.7.0-py2.py3-none-any.whl", hash = "sha256:6c2d30ab6be0e4a46919781807b4f0d834ebdd6c6e3dca0bda5a15f863427b6e"},
    {file = "mccabe-0.7.0.tar.gz", hash = "sha256:348e0240c33b60bbdf4e523192ef919f28cb2c3d7d5c7794f74009290f236325"},
]

[[package]]
name = "mock"
version = "5.2.0"
description = "Rolling backport of unittest.mock for all Pythons"
optional = false
python-versions = ">=3.6"
groups = ["dev"]
files = [
    {file = "mock-5.2.0-py3-none-any.whl", hash = "sha256:7ba87f72ca0e915175596069dbbcc7c75af7b5e9b9bc107ad6349ede0819982f"},
    {file = "mock-5.2.0.tar.gz", hash = "sha256:4e460e818629b4b173f32d08bf30d3af8123afbb8e04bb5707a1fd4799e503f0"},
]

[package.extras]
build = ["blurb", "twine", "wheel"]
docs = ["sphinx"]
test = ["pytest", "pytest-cov"]

[[package]]
name = "mypy"
version = "1.15.0"
description = "Optional static typing for Python"
optional = false
python-versions = ">=3.9"
groups = ["dev"]
files = [
    {file = "mypy-1.15.0-cp310-cp310-macosx_10_9_x86_64.whl", hash = "sha256:979e4e1a006511dacf628e36fadfecbcc0160a8af6ca7dad2f5025529e082c13"},
    {file = "mypy-1.15.0-cp310-cp310-macosx_11_0_arm64.whl", hash = "sha256:c4bb0e1bd29f7d34efcccd71cf733580191e9a264a2202b0239da95984c5b559"},
    {file = "mypy-1.15.0-cp310-cp310-manylinux_2_17_aarch64.manylinux2014_aarch64.manylinux_2_28_aarch64.whl", hash = "sha256:be68172e9fd9ad8fb876c6389f16d1c1b5f100ffa779f77b1fb2176fcc9ab95b"},
    {file = "mypy-1.15.0-cp310-cp310-manylinux_2_17_x86_64.manylinux2014_x86_64.manylinux_2_28_x86_64.whl", hash = "sha256:c7be1e46525adfa0d97681432ee9fcd61a3964c2446795714699a998d193f1a3"},
    {file = "mypy-1.15.0-cp310-cp310-musllinux_1_2_x86_64.whl", hash = "sha256:2e2c2e6d3593f6451b18588848e66260ff62ccca522dd231cd4dd59b0160668b"},
    {file = "mypy-1.15.0-cp310-cp310-win_amd64.whl", hash = "sha256:6983aae8b2f653e098edb77f893f7b6aca69f6cffb19b2cc7443f23cce5f4828"},
    {file = "mypy-1.15.0-cp311-cp311-macosx_10_9_x86_64.whl", hash = "sha256:2922d42e16d6de288022e5ca321cd0618b238cfc5570e0263e5ba0a77dbef56f"},
    {file = "mypy-1.15.0-cp311-cp311-macosx_11_0_arm64.whl", hash = "sha256:2ee2d57e01a7c35de00f4634ba1bbf015185b219e4dc5909e281016df43f5ee5"},
    {file = "mypy-1.15.0-cp311-cp311-manylinux_2_17_aarch64.manylinux2014_aarch64.manylinux_2_28_aarch64.whl", hash = "sha256:973500e0774b85d9689715feeffcc980193086551110fd678ebe1f4342fb7c5e"},
    {file = "mypy-1.15.0-cp311-cp311-manylinux_2_17_x86_64.manylinux2014_x86_64.manylinux_2_28_x86_64.whl", hash = "sha256:5a95fb17c13e29d2d5195869262f8125dfdb5c134dc8d9a9d0aecf7525b10c2c"},
    {file = "mypy-1.15.0-cp311-cp311-musllinux_1_2_x86_64.whl", hash = "sha256:1905f494bfd7d85a23a88c5d97840888a7bd516545fc5aaedff0267e0bb54e2f"},
    {file = "mypy-1.15.0-cp311-cp311-win_amd64.whl", hash = "sha256:c9817fa23833ff189db061e6d2eff49b2f3b6ed9856b4a0a73046e41932d744f"},
    {file = "mypy-1.15.0-cp312-cp312-macosx_10_13_x86_64.whl", hash = "sha256:aea39e0583d05124836ea645f412e88a5c7d0fd77a6d694b60d9b6b2d9f184fd"},
    {file = "mypy-1.15.0-cp312-cp312-macosx_11_0_arm64.whl", hash = "sha256:2f2147ab812b75e5b5499b01ade1f4a81489a147c01585cda36019102538615f"},
    {file = "mypy-1.15.0-cp312-cp312-manylinux_2_17_aarch64.manylinux2014_aarch64.manylinux_2_28_aarch64.whl", hash = "sha256:ce436f4c6d218a070048ed6a44c0bbb10cd2cc5e272b29e7845f6a2f57ee4464"},
    {file = "mypy-1.15.0-cp312-cp312-manylinux_2_17_x86_64.manylinux2014_x86_64.manylinux_2_28_x86_64.whl", hash = "sha256:8023ff13985661b50a5928fc7a5ca15f3d1affb41e5f0a9952cb68ef090b31ee"},
    {file = "mypy-1.15.0-cp312-cp312-musllinux_1_2_x86_64.whl", hash = "sha256:1124a18bc11a6a62887e3e137f37f53fbae476dc36c185d549d4f837a2a6a14e"},
    {file = "mypy-1.15.0-cp312-cp312-win_amd64.whl", hash = "sha256:171a9ca9a40cd1843abeca0e405bc1940cd9b305eaeea2dda769ba096932bb22"},
    {file = "mypy-1.15.0-cp313-cp313-macosx_10_13_x86_64.whl", hash = "sha256:93faf3fdb04768d44bf28693293f3904bbb555d076b781ad2530214ee53e3445"},
    {file = "mypy-1.15.0-cp313-cp313-macosx_11_0_arm64.whl", hash = "sha256:811aeccadfb730024c5d3e326b2fbe9249bb7413553f15499a4050f7c30e801d"},
    {file = "mypy-1.15.0-cp313-cp313-manylinux_2_17_aarch64.manylinux2014_aarch64.manylinux_2_28_aarch64.whl", hash = "sha256:98b7b9b9aedb65fe628c62a6dc57f6d5088ef2dfca37903a7d9ee374d03acca5"},
    {file = "mypy-1.15.0-cp313-cp313-manylinux_2_17_x86_64.manylinux2014_x86_64.manylinux_2_28_x86_64.whl", hash = "sha256:c43a7682e24b4f576d93072216bf56eeff70d9140241f9edec0c104d0c515036"},
    {file = "mypy-1.15.0-cp313-cp313-musllinux_1_2_x86_64.whl", hash = "sha256:baefc32840a9f00babd83251560e0ae1573e2f9d1b067719479bfb0e987c6357"},
    {file = "mypy-1.15.0-cp313-cp313-win_amd64.whl", hash = "sha256:b9378e2c00146c44793c98b8d5a61039a048e31f429fb0eb546d93f4b000bedf"},
    {file = "mypy-1.15.0-cp39-cp39-macosx_10_9_x86_64.whl", hash = "sha256:e601a7fa172c2131bff456bb3ee08a88360760d0d2f8cbd7a75a65497e2df078"},
    {file = "mypy-1.15.0-cp39-cp39-macosx_11_0_arm64.whl", hash = "sha256:712e962a6357634fef20412699a3655c610110e01cdaa6180acec7fc9f8513ba"},
    {file = "mypy-1.15.0-cp39-cp39-manylinux_2_17_aarch64.manylinux2014_aarch64.manylinux_2_28_aarch64.whl", hash = "sha256:f95579473af29ab73a10bada2f9722856792a36ec5af5399b653aa28360290a5"},
    {file = "mypy-1.15.0-cp39-cp39-manylinux_2_17_x86_64.manylinux2014_x86_64.manylinux_2_28_x86_64.whl", hash = "sha256:8f8722560a14cde92fdb1e31597760dc35f9f5524cce17836c0d22841830fd5b"},
    {file = "mypy-1.15.0-cp39-cp39-musllinux_1_2_x86_64.whl", hash = "sha256:1fbb8da62dc352133d7d7ca90ed2fb0e9d42bb1a32724c287d3c76c58cbaa9c2"},
    {file = "mypy-1.15.0-cp39-cp39-win_amd64.whl", hash = "sha256:d10d994b41fb3497719bbf866f227b3489048ea4bbbb5015357db306249f7980"},
    {file = "mypy-1.15.0-py3-none-any.whl", hash = "sha256:5469affef548bd1895d86d3bf10ce2b44e33d86923c29e4d675b3e323437ea3e"},
    {file = "mypy-1.15.0.tar.gz", hash = "sha256:404534629d51d3efea5c800ee7c42b72a6554d6c400e6a79eafe15d11341fd43"},
]

[package.dependencies]
mypy_extensions = ">=1.0.0"
typing_extensions = ">=4.6.0"

[package.extras]
dmypy = ["psutil (>=4.0)"]
faster-cache = ["orjson"]
install-types = ["pip"]
mypyc = ["setuptools (>=50)"]
reports = ["lxml"]

[[package]]
name = "mypy-extensions"
version = "1.1.0"
description = "Type system extensions for programs checked with the mypy type checker."
optional = false
python-versions = ">=3.8"
groups = ["dev"]
files = [
    {file = "mypy_extensions-1.1.0-py3-none-any.whl", hash = "sha256:1be4cccdb0f2482337c4743e60421de3a356cd97508abadd57d47403e94f5505"},
    {file = "mypy_extensions-1.1.0.tar.gz", hash = "sha256:52e68efc3284861e772bbcd66823fde5ae21fd2fdb51c62a211403730b916558"},
]

[[package]]
name = "packaging"
version = "25.0"
description = "Core utilities for Python packages"
optional = false
python-versions = ">=3.8"
groups = ["dev"]
files = [
    {file = "packaging-25.0-py3-none-any.whl", hash = "sha256:29572ef2b1f17581046b3a2227d5c611fb25ec70ca1ba8554b24b0e69331a484"},
    {file = "packaging-25.0.tar.gz", hash = "sha256:d443872c98d677bf60f6a1f2f8c1cb748e8fe762d2bf9d3148b5599295b0fc4f"},
]

[[package]]
name = "platformdirs"
version = "4.3.7"
description = "A small Python package for determining appropriate platform-specific dirs, e.g. a `user data dir`."
optional = false
python-versions = ">=3.9"
groups = ["dev"]
files = [
    {file = "platformdirs-4.3.7-py3-none-any.whl", hash = "sha256:a03875334331946f13c549dbd8f4bac7a13a50a895a0eb1e8c6a8ace80d40a94"},
    {file = "platformdirs-4.3.7.tar.gz", hash = "sha256:eb437d586b6a0986388f0d6f74aa0cde27b48d0e3d66843640bfb6bdcdb6e351"},
]

[package.extras]
docs = ["furo (>=2024.8.6)", "proselint (>=0.14)", "sphinx (>=8.1.3)", "sphinx-autodoc-typehints (>=3)"]
test = ["appdirs (==1.4.4)", "covdefaults (>=2.3)", "pytest (>=8.3.4)", "pytest-cov (>=6)", "pytest-mock (>=3.14)"]
type = ["mypy (>=1.14.1)"]

[[package]]
name = "pluggy"
version = "1.5.0"
description = "plugin and hook calling mechanisms for python"
optional = false
python-versions = ">=3.8"
groups = ["dev"]
files = [
    {file = "pluggy-1.5.0-py3-none-any.whl", hash = "sha256:44e1ad92c8ca002de6377e165f3e0f1be63266ab4d554740532335b9d75ea669"},
    {file = "pluggy-1.5.0.tar.gz", hash = "sha256:2cffa88e94fdc978c4c574f15f9e59b7f4201d439195c3715ca9e2486f1d0cf1"},
]

[package.extras]
dev = ["pre-commit", "tox"]
testing = ["pytest", "pytest-benchmark"]

[[package]]
name = "pycryptodome"
version = "3.22.0"
description = "Cryptographic library for Python"
optional = false
python-versions = "!=3.0.*,!=3.1.*,!=3.2.*,!=3.3.*,!=3.4.*,!=3.5.*,!=3.6.*,>=2.7"
groups = ["main"]
files = [
    {file = "pycryptodome-3.22.0-cp27-cp27m-macosx_10_9_x86_64.whl", hash = "sha256:96e73527c9185a3d9b4c6d1cfb4494f6ced418573150be170f6580cb975a7f5a"},
    {file = "pycryptodome-3.22.0-cp27-cp27m-manylinux2010_i686.whl", hash = "sha256:9e1bb165ea1dc83a11e5dbbe00ef2c378d148f3a2d3834fb5ba4e0f6fd0afe4b"},
    {file = "pycryptodome-3.22.0-cp27-cp27m-manylinux2010_x86_64.whl", hash = "sha256:d4d1174677855c266eed5c4b4e25daa4225ad0c9ffe7584bb1816767892545d0"},
    {file = "pycryptodome-3.22.0-cp27-cp27m-win32.whl", hash = "sha256:9dbb749cef71c28271484cbef684f9b5b19962153487735411e1020ca3f59cb1"},
    {file = "pycryptodome-3.22.0-cp27-cp27mu-manylinux2010_i686.whl", hash = "sha256:f1ae7beb64d4fc4903a6a6cca80f1f448e7a8a95b77d106f8a29f2eb44d17547"},
    {file = "pycryptodome-3.22.0-cp27-cp27mu-manylinux2010_x86_64.whl", hash = "sha256:a26bcfee1293b7257c83b0bd13235a4ee58165352be4f8c45db851ba46996dc6"},
    {file = "pycryptodome-3.22.0-cp37-abi3-macosx_10_9_universal2.whl", hash = "sha256:009e1c80eea42401a5bd5983c4bab8d516aef22e014a4705622e24e6d9d703c6"},
    {file = "pycryptodome-3.22.0-cp37-abi3-macosx_10_9_x86_64.whl", hash = "sha256:3b76fa80daeff9519d7e9f6d9e40708f2fce36b9295a847f00624a08293f4f00"},
    {file = "pycryptodome-3.22.0-cp37-abi3-manylinux_2_17_aarch64.manylinux2014_aarch64.whl", hash = "sha256:a31fa5914b255ab62aac9265654292ce0404f6b66540a065f538466474baedbc"},
    {file = "pycryptodome-3.22.0-cp37-abi3-manylinux_2_17_x86_64.manylinux2014_x86_64.whl", hash = "sha256:a0092fd476701eeeb04df5cc509d8b739fa381583cda6a46ff0a60639b7cd70d"},
    {file = "pycryptodome-3.22.0-cp37-abi3-manylinux_2_5_i686.manylinux1_i686.manylinux_2_17_i686.manylinux2014_i686.whl", hash = "sha256:18d5b0ddc7cf69231736d778bd3ae2b3efb681ae33b64b0c92fb4626bb48bb89"},
    {file = "pycryptodome-3.22.0-cp37-abi3-musllinux_1_2_aarch64.whl", hash = "sha256:f6cf6aa36fcf463e622d2165a5ad9963b2762bebae2f632d719dfb8544903cf5"},
    {file = "pycryptodome-3.22.0-cp37-abi3-musllinux_1_2_i686.whl", hash = "sha256:aec7b40a7ea5af7c40f8837adf20a137d5e11a6eb202cde7e588a48fb2d871a8"},
    {file = "pycryptodome-3.22.0-cp37-abi3-musllinux_1_2_x86_64.whl", hash = "sha256:d21c1eda2f42211f18a25db4eaf8056c94a8563cd39da3683f89fe0d881fb772"},
    {file = "pycryptodome-3.22.0-cp37-abi3-win32.whl", hash = "sha256:f02baa9f5e35934c6e8dcec91fcde96612bdefef6e442813b8ea34e82c84bbfb"},
    {file = "pycryptodome-3.22.0-cp37-abi3-win_amd64.whl", hash = "sha256:d086aed307e96d40c23c42418cbbca22ecc0ab4a8a0e24f87932eeab26c08627"},
    {file = "pycryptodome-3.22.0-pp27-pypy_73-manylinux2010_x86_64.whl", hash = "sha256:98fd9da809d5675f3a65dcd9ed384b9dc67edab6a4cda150c5870a8122ec961d"},
    {file = "pycryptodome-3.22.0-pp27-pypy_73-win32.whl", hash = "sha256:37ddcd18284e6b36b0a71ea495a4c4dca35bb09ccc9bfd5b91bfaf2321f131c1"},
    {file = "pycryptodome-3.22.0-pp310-pypy310_pp73-macosx_10_15_x86_64.whl", hash = "sha256:b4bdce34af16c1dcc7f8c66185684be15f5818afd2a82b75a4ce6b55f9783e13"},
    {file = "pycryptodome-3.22.0-pp310-pypy310_pp73-manylinux_2_17_aarch64.manylinux2014_aarch64.whl", hash = "sha256:2988ffcd5137dc2d27eb51cd18c0f0f68e5b009d5fec56fbccb638f90934f333"},
    {file = "pycryptodome-3.22.0-pp310-pypy310_pp73-manylinux_2_17_x86_64.manylinux2014_x86_64.whl", hash = "sha256:e653519dedcd1532788547f00eeb6108cc7ce9efdf5cc9996abce0d53f95d5a9"},
    {file = "pycryptodome-3.22.0-pp310-pypy310_pp73-manylinux_2_5_i686.manylinux1_i686.manylinux_2_17_i686.manylinux2014_i686.whl", hash = "sha256:f5810bc7494e4ac12a4afef5a32218129e7d3890ce3f2b5ec520cc69eb1102ad"},
    {file = "pycryptodome-3.22.0-pp310-pypy310_pp73-win_amd64.whl", hash = "sha256:e7514a1aebee8e85802d154fdb261381f1cb9b7c5a54594545145b8ec3056ae6"},
    {file = "pycryptodome-3.22.0-pp39-pypy39_pp73-macosx_10_15_x86_64.whl", hash = "sha256:56c6f9342fcb6c74e205fbd2fee568ec4cdbdaa6165c8fde55dbc4ba5f584464"},
    {file = "pycryptodome-3.22.0-pp39-pypy39_pp73-manylinux_2_17_aarch64.manylinux2014_aarch64.whl", hash = "sha256:87a88dc543b62b5c669895caf6c5a958ac7abc8863919e94b7a6cafd2f64064f"},
    {file = "pycryptodome-3.22.0-pp39-pypy39_pp73-manylinux_2_17_x86_64.manylinux2014_x86_64.whl", hash = "sha256:f7a683bc9fa585c0dfec7fa4801c96a48d30b30b096e3297f9374f40c2fedafc"},
    {file = "pycryptodome-3.22.0-pp39-pypy39_pp73-manylinux_2_5_i686.manylinux1_i686.manylinux_2_17_i686.manylinux2014_i686.whl", hash = "sha256:8f4f6f47a7f411f2c157e77bbbda289e0c9f9e1e9944caa73c1c2e33f3f92d6e"},
    {file = "pycryptodome-3.22.0-pp39-pypy39_pp73-win_amd64.whl", hash = "sha256:a6cf9553b29624961cab0785a3177a333e09e37ba62ad22314ebdbb01ca79840"},
    {file = "pycryptodome-3.22.0.tar.gz", hash = "sha256:fd7ab568b3ad7b77c908d7c3f7e167ec5a8f035c64ff74f10d47a4edd043d723"},
]

[[package]]
name = "pylint"
version = "3.3.6"
description = "python code static checker"
optional = false
python-versions = ">=3.9.0"
groups = ["dev"]
files = [
    {file = "pylint-3.3.6-py3-none-any.whl", hash = "sha256:8b7c2d3e86ae3f94fb27703d521dd0b9b6b378775991f504d7c3a6275aa0a6a6"},
    {file = "pylint-3.3.6.tar.gz", hash = "sha256:b634a041aac33706d56a0d217e6587228c66427e20ec21a019bc4cdee48c040a"},
]

[package.dependencies]
astroid = ">=3.3.8,<=3.4.0.dev0"
colorama = {version = ">=0.4.5", markers = "sys_platform == \"win32\""}
dill = {version = ">=0.3.7", markers = "python_version >= \"3.12\""}
isort = ">=4.2.5,<5.13 || >5.13,<7"
mccabe = ">=0.6,<0.8"
platformdirs = ">=2.2"
tomlkit = ">=0.10.1"

[package.extras]
spelling = ["pyenchant (>=3.2,<4.0)"]
testutils = ["gitpython (>3)"]

[[package]]
name = "pytest"
version = "8.3.5"
description = "pytest: simple powerful testing with Python"
optional = false
python-versions = ">=3.8"
groups = ["dev"]
files = [
    {file = "pytest-8.3.5-py3-none-any.whl", hash = "sha256:c69214aa47deac29fad6c2a4f590b9c4a9fdb16a403176fe154b79c0b4d4d820"},
    {file = "pytest-8.3.5.tar.gz", hash = "sha256:f4efe70cc14e511565ac476b57c279e12a855b11f48f212af1080ef2263d3845"},
]

[package.dependencies]
colorama = {version = "*", markers = "sys_platform == \"win32\""}
iniconfig = "*"
packaging = "*"
pluggy = ">=1.5,<2"

[package.extras]
dev = ["argcomplete", "attrs (>=19.2)", "hypothesis (>=3.56)", "mock", "pygments (>=2.7.2)", "requests", "setuptools", "xmlschema"]

[[package]]
name = "pytest-asyncio"
version = "0.25.3"
description = "Pytest support for asyncio"
optional = false
python-versions = ">=3.9"
groups = ["dev"]
files = [
    {file = "pytest_asyncio-0.25.3-py3-none-any.whl", hash = "sha256:9e89518e0f9bd08928f97a3482fdc4e244df17529460bc038291ccaf8f85c7c3"},
    {file = "pytest_asyncio-0.25.3.tar.gz", hash = "sha256:fc1da2cf9f125ada7e710b4ddad05518d4cee187ae9412e9ac9271003497f07a"},
]

[package.dependencies]
pytest = ">=8.2,<9"

[package.extras]
docs = ["sphinx (>=5.3)", "sphinx-rtd-theme (>=1)"]
testing = ["coverage (>=6.2)", "hypothesis (>=5.7.1)"]

[[package]]
name = "pytest-cov"
version = "6.1.1"
description = "Pytest plugin for measuring coverage."
optional = false
python-versions = ">=3.9"
groups = ["dev"]
files = [
    {file = "pytest_cov-6.1.1-py3-none-any.whl", hash = "sha256:bddf29ed2d0ab6f4df17b4c55b0a657287db8684af9c42ea546b21b1041b3dde"},
    {file = "pytest_cov-6.1.1.tar.gz", hash = "sha256:46935f7aaefba760e716c2ebfbe1c216240b9592966e7da99ea8292d4d3e2a0a"},
]

[package.dependencies]
coverage = {version = ">=7.5", extras = ["toml"]}
pytest = ">=4.6"

[package.extras]
testing = ["fields", "hunter", "process-tests", "pytest-xdist", "virtualenv"]

[[package]]
name = "pytest-mock"
version = "3.14.0"
description = "Thin-wrapper around the mock package for easier use with pytest"
optional = false
python-versions = ">=3.8"
groups = ["dev"]
files = [
    {file = "pytest-mock-3.14.0.tar.gz", hash = "sha256:2719255a1efeceadbc056d6bf3df3d1c5015530fb40cf347c0f9afac88410bd0"},
    {file = "pytest_mock-3.14.0-py3-none-any.whl", hash = "sha256:0b72c38033392a5f4621342fe11e9219ac11ec9d375f8e2a0c164539e0d70f6f"},
]

[package.dependencies]
pytest = ">=6.2.5"

[package.extras]
dev = ["pre-commit", "pytest-asyncio", "tox"]

[[package]]
name = "ruff"
version = "0.9.10"
description = "An extremely fast Python linter and code formatter, written in Rust."
optional = false
python-versions = ">=3.7"
groups = ["dev"]
files = [
    {file = "ruff-0.9.10-py3-none-linux_armv6l.whl", hash = "sha256:eb4d25532cfd9fe461acc83498361ec2e2252795b4f40b17e80692814329e42d"},
    {file = "ruff-0.9.10-py3-none-macosx_10_12_x86_64.whl", hash = "sha256:188a6638dab1aa9bb6228a7302387b2c9954e455fb25d6b4470cb0641d16759d"},
    {file = "ruff-0.9.10-py3-none-macosx_11_0_arm64.whl", hash = "sha256:5284dcac6b9dbc2fcb71fdfc26a217b2ca4ede6ccd57476f52a587451ebe450d"},
    {file = "ruff-0.9.10-py3-none-manylinux_2_17_aarch64.manylinux2014_aarch64.whl", hash = "sha256:47678f39fa2a3da62724851107f438c8229a3470f533894b5568a39b40029c0c"},
    {file = "ruff-0.9.10-py3-none-manylinux_2_17_armv7l.manylinux2014_armv7l.whl", hash = "sha256:99713a6e2766b7a17147b309e8c915b32b07a25c9efd12ada79f217c9c778b3e"},
    {file = "ruff-0.9.10-py3-none-manylinux_2_17_i686.manylinux2014_i686.whl", hash = "sha256:524ee184d92f7c7304aa568e2db20f50c32d1d0caa235d8ddf10497566ea1a12"},
    {file = "ruff-0.9.10-py3-none-manylinux_2_17_ppc64.manylinux2014_ppc64.whl", hash = "sha256:df92aeac30af821f9acf819fc01b4afc3dfb829d2782884f8739fb52a8119a16"},
    {file = "ruff-0.9.10-py3-none-manylinux_2_17_ppc64le.manylinux2014_ppc64le.whl", hash = "sha256:de42e4edc296f520bb84954eb992a07a0ec5a02fecb834498415908469854a52"},
    {file = "ruff-0.9.10-py3-none-manylinux_2_17_s390x.manylinux2014_s390x.whl", hash = "sha256:d257f95b65806104b6b1ffca0ea53f4ef98454036df65b1eda3693534813ecd1"},
    {file = "ruff-0.9.10-py3-none-manylinux_2_17_x86_64.manylinux2014_x86_64.whl", hash = "sha256:b60dec7201c0b10d6d11be00e8f2dbb6f40ef1828ee75ed739923799513db24c"},
    {file = "ruff-0.9.10-py3-none-musllinux_1_2_aarch64.whl", hash = "sha256:d838b60007da7a39c046fcdd317293d10b845001f38bcb55ba766c3875b01e43"},
    {file = "ruff-0.9.10-py3-none-musllinux_1_2_armv7l.whl", hash = "sha256:ccaf903108b899beb8e09a63ffae5869057ab649c1e9231c05ae354ebc62066c"},
    {file = "ruff-0.9.10-py3-none-musllinux_1_2_i686.whl", hash = "sha256:f9567d135265d46e59d62dc60c0bfad10e9a6822e231f5b24032dba5a55be6b5"},
    {file = "ruff-0.9.10-py3-none-musllinux_1_2_x86_64.whl", hash = "sha256:5f202f0d93738c28a89f8ed9eaba01b7be339e5d8d642c994347eaa81c6d75b8"},
    {file = "ruff-0.9.10-py3-none-win32.whl", hash = "sha256:bfb834e87c916521ce46b1788fbb8484966e5113c02df216680102e9eb960029"},
    {file = "ruff-0.9.10-py3-none-win_amd64.whl", hash = "sha256:f2160eeef3031bf4b17df74e307d4c5fb689a6f3a26a2de3f7ef4044e3c484f1"},
    {file = "ruff-0.9.10-py3-none-win_arm64.whl", hash = "sha256:5fd804c0327a5e5ea26615550e706942f348b197d5475ff34c19733aee4b2e69"},
    {file = "ruff-0.9.10.tar.gz", hash = "sha256:9bacb735d7bada9cfb0f2c227d3658fc443d90a727b47f206fb33f52f3c0eac7"},
]

[[package]]
name = "saic-ismart-client-ng"
version = "0.8.0"
description = "SAIC next gen client library (MG iSMART)"
optional = false
python-versions = ">=3.11"
groups = ["main"]
files = [
    {file = "saic_ismart_client_ng-0.8.0-py3-none-any.whl", hash = "sha256:3b5853464730b1b05acc43e9edc475290b995087b4c3054748cc36e170f38172"},
    {file = "saic_ismart_client_ng-0.8.0.tar.gz", hash = "sha256:cb649e6e94d15d2cf1704b7ccedd089c8f4ae70983309a603d647108510f305c"},
]

[package.dependencies]
dacite = ">=1.8.1,<2.0.0"
httpx = ">=0.27.0,<0.29.0"
pycryptodome = ">=3.20.0,<4.0.0"
tenacity = ">=9.0.0,<10.0.0"

[[package]]
name = "sniffio"
version = "1.3.1"
description = "Sniff out which async library your code is running under"
optional = false
python-versions = ">=3.7"
groups = ["main"]
files = [
    {file = "sniffio-1.3.1-py3-none-any.whl", hash = "sha256:2f6da418d1f1e0fddd844478f41680e794e6051915791a034ff65e5f100525a2"},
    {file = "sniffio-1.3.1.tar.gz", hash = "sha256:f4324edc670a0f49750a81b895f35c3adb843cca46f0530f79fc1babb23789dc"},
]

[[package]]
name = "tenacity"
version = "9.1.2"
description = "Retry code until it succeeds"
optional = false
python-versions = ">=3.9"
groups = ["main"]
files = [
    {file = "tenacity-9.1.2-py3-none-any.whl", hash = "sha256:f77bf36710d8b73a50b2dd155c97b870017ad21afe6ab300326b0371b3b05138"},
    {file = "tenacity-9.1.2.tar.gz", hash = "sha256:1169d376c297e7de388d18b4481760d478b0e99a777cad3a9c86e556f4b697cb"},
]

[package.extras]
doc = ["reno", "sphinx"]
test = ["pytest", "tornado (>=4.5)", "typeguard"]

[[package]]
name = "tomlkit"
version = "0.13.2"
description = "Style preserving TOML library"
optional = false
python-versions = ">=3.8"
groups = ["dev"]
files = [
    {file = "tomlkit-0.13.2-py3-none-any.whl", hash = "sha256:7a974427f6e119197f670fbbbeae7bef749a6c14e793db934baefc1b5f03efde"},
    {file = "tomlkit-0.13.2.tar.gz", hash = "sha256:fff5fe59a87295b278abd31bec92c15d9bc4a06885ab12bcea52c71119392e79"},
]

[[package]]
name = "typing-extensions"
version = "4.13.2"
description = "Backported and Experimental Type Hints for Python 3.8+"
optional = false
python-versions = ">=3.8"
groups = ["main", "dev"]
files = [
    {file = "typing_extensions-4.13.2-py3-none-any.whl", hash = "sha256:a439e7c04b49fec3e5d3e2beaa21755cadbbdc391694e28ccdd36ca4a1408f8c"},
    {file = "typing_extensions-4.13.2.tar.gz", hash = "sha256:e6c81219bd689f51865d9e372991c540bda33a0379d5573cddb9a3a23f7caaef"},
]
markers = {main = "python_version == \"3.12\""}

[[package]]
name = "tzdata"
version = "2025.2"
description = "Provider of IANA time zone data"
optional = false
python-versions = ">=2"
groups = ["main"]
markers = "platform_system == \"Windows\""
files = [
    {file = "tzdata-2025.2-py2.py3-none-any.whl", hash = "sha256:1a403fada01ff9221ca8044d701868fa132215d84beb92242d9acd2147f667a8"},
    {file = "tzdata-2025.2.tar.gz", hash = "sha256:b60a638fcc0daffadf82fe0f57e53d06bdec2f36c4df66280ae79bce6bd6f2b9"},
]

[[package]]
name = "tzlocal"
version = "5.3.1"
description = "tzinfo object for the local timezone"
optional = false
python-versions = ">=3.9"
groups = ["main"]
files = [
    {file = "tzlocal-5.3.1-py3-none-any.whl", hash = "sha256:eb1a66c3ef5847adf7a834f1be0800581b683b5608e74f86ecbcef8ab91bb85d"},
    {file = "tzlocal-5.3.1.tar.gz", hash = "sha256:cceffc7edecefea1f595541dbd6e990cb1ea3d19bf01b2809f362a03dd7921fd"},
]

[package.dependencies]
tzdata = {version = "*", markers = "platform_system == \"Windows\""}

[package.extras]
devenv = ["check-manifest", "pytest (>=4.3)", "pytest-cov", "pytest-mock (>=3.3)", "zest.releaser"]

[metadata]
lock-version = "2.1"
python-versions = ">=3.12,<4.0"
content-hash = "441d9e0d65cc9e504daf9fcd3df7fc3ded3236843255c04476a9f29121b5b526"
